
Microsoft Visual Studio Solution File, Format Version 12.00
# Visual Studio 2012
Project("{FAE04EC0-301F-11D3-BF4B-00C04F79EFBC}") = "CustomBuildActivities", "CustomBuildActivities\CustomBuildActivities.csproj", "{124D8FBB-BB98-45E3-B1C7-ED261318DE4E}"
EndProject
Project("{FAE04EC0-301F-11D3-BF4B-00C04F79EFBC}") = "CustomBuildProcess", "CustomBuildProcess\CustomBuildProcess.csproj", "{935F130C-9C3E-4DAE-9D69-F763668048C5}"
EndProject
Project("{FAE04EC0-301F-11D3-BF4B-00C04F79EFBC}") = "CustomBuildActivities.Tests", "CustomBuildActivities.Tests\CustomBuildActivities.Tests.csproj", "{5E1382A3-AE58-443D-B22E-66E98F40609A}"
EndProject
Global
	GlobalSection(SolutionConfigurationPlatforms) = preSolution
		Debug|Any CPU = Debug|Any CPU
		Release|Any CPU = Release|Any CPU
	EndGlobalSection
	GlobalSection(ProjectConfigurationPlatforms) = postSolution
		{124D8FBB-BB98-45E3-B1C7-ED261318DE4E}.Debug|Any CPU.ActiveCfg = Debug|Any CPU
		{124D8FBB-BB98-45E3-B1C7-ED261318DE4E}.Debug|Any CPU.Build.0 = Debug|Any CPU
		{124D8FBB-BB98-45E3-B1C7-ED261318DE4E}.Release|Any CPU.ActiveCfg = Release|Any CPU
		{124D8FBB-BB98-45E3-B1C7-ED261318DE4E}.Release|Any CPU.Build.0 = Release|Any CPU
		{935F130C-9C3E-4DAE-9D69-F763668048C5}.Debug|Any CPU.ActiveCfg = Debug|Any CPU
		{935F130C-9C3E-4DAE-9D69-F763668048C5}.Debug|Any CPU.Build.0 = Debug|Any CPU
		{935F130C-9C3E-4DAE-9D69-F763668048C5}.Release|Any CPU.ActiveCfg = Release|Any CPU
		{935F130C-9C3E-4DAE-9D69-F763668048C5}.Release|Any CPU.Build.0 = Release|Any CPU
		{5E1382A3-AE58-443D-B22E-66E98F40609A}.Debug|Any CPU.ActiveCfg = Debug|Any CPU
		{5E1382A3-AE58-443D-B22E-66E98F40609A}.Debug|Any CPU.Build.0 = Debug|Any CPU
		{5E1382A3-AE58-443D-B22E-66E98F40609A}.Release|Any CPU.ActiveCfg = Release|Any CPU
		{5E1382A3-AE58-443D-B22E-66E98F40609A}.Release|Any CPU.Build.0 = Release|Any CPU
	EndGlobalSection
	GlobalSection(SolutionProperties) = preSolution
		HideSolutionNode = FALSE
	EndGlobalSection
EndGlobal
